// !$*UTF8*$!
{
	archiveVersion = 1;
	classes = {
	};
	objectVersion = 56;
	objects = {

/* Begin PBXBuildFile section */
		1B52347A8F1FFA8A3CF351A9 /* Pods_PpakCoder.framework in Frameworks */ = {isa = PBXBuildFile; fileRef = 7F13F89A4BDD9BFE81A49DB3 /* Pods_PpakCoder.framework */; };
		3F00E718291A112F0053E772 /* PostEditView.swift in Sources */ = {isa = PBXBuildFile; fileRef = 3F00E717291A112F0053E772 /* PostEditView.swift */; };
		3F1525FC291CAAE50083119B /* PostViewProtocol.swift in Sources */ = {isa = PBXBuildFile; fileRef = 3F1525FB291CAAE50083119B /* PostViewProtocol.swift */; };
		3F1525FF291CB2740083119B /* DetailViewProtocol.swift in Sources */ = {isa = PBXBuildFile; fileRef = 3F1525FE291CB2740083119B /* DetailViewProtocol.swift */; };
		3F152603291DD2800083119B /* PostDTO.swift in Sources */ = {isa = PBXBuildFile; fileRef = 3F152602291DD2800083119B /* PostDTO.swift */; };
		3F152609291E1A3F0083119B /* TodoView.swift in Sources */ = {isa = PBXBuildFile; fileRef = 3F152608291E1A3F0083119B /* TodoView.swift */; };
		3F15260B291E1A4C0083119B /* TodoViewModel.swift in Sources */ = {isa = PBXBuildFile; fileRef = 3F15260A291E1A4C0083119B /* TodoViewModel.swift */; };
		3F152610291E1B400083119B /* TodoRouter.swift in Sources */ = {isa = PBXBuildFile; fileRef = 3F15260F291E1B400083119B /* TodoRouter.swift */; };
		3F152612291E1CBC0083119B /* TodoService.swift in Sources */ = {isa = PBXBuildFile; fileRef = 3F152611291E1CBC0083119B /* TodoService.swift */; };
		3F152614291E1D070083119B /* Todo.swift in Sources */ = {isa = PBXBuildFile; fileRef = 3F152613291E1D070083119B /* Todo.swift */; };
		3F2CBF982913738B00C330F1 /* AppDelegate.swift in Sources */ = {isa = PBXBuildFile; fileRef = 3F2CBF972913738B00C330F1 /* AppDelegate.swift */; };
		3F2CBF9A2913738B00C330F1 /* SceneDelegate.swift in Sources */ = {isa = PBXBuildFile; fileRef = 3F2CBF992913738B00C330F1 /* SceneDelegate.swift */; };
		3F2CBF9C2913738B00C330F1 /* BoardingView.swift in Sources */ = {isa = PBXBuildFile; fileRef = 3F2CBF9B2913738B00C330F1 /* BoardingView.swift */; };
		3F2CBF9F2913738B00C330F1 /* Main.storyboard in Resources */ = {isa = PBXBuildFile; fileRef = 3F2CBF9D2913738B00C330F1 /* Main.storyboard */; };
		3F2CBFA12913738C00C330F1 /* Assets.xcassets in Resources */ = {isa = PBXBuildFile; fileRef = 3F2CBFA02913738C00C330F1 /* Assets.xcassets */; };
		3F2CBFA42913738C00C330F1 /* LaunchScreen.storyboard in Resources */ = {isa = PBXBuildFile; fileRef = 3F2CBFA22913738C00C330F1 /* LaunchScreen.storyboard */; };
		3F3B1B432920B0E300D5600E /* PostDetailViewModel.swift in Sources */ = {isa = PBXBuildFile; fileRef = 3F3B1B422920B0E300D5600E /* PostDetailViewModel.swift */; };
		3F8A9308291E606C003BD8DF /* TodoCell.swift in Sources */ = {isa = PBXBuildFile; fileRef = 3F8A9307291E606C003BD8DF /* TodoCell.swift */; };
		3F9CA1532914C494001ECC40 /* LoginView.swift in Sources */ = {isa = PBXBuildFile; fileRef = 3F9CA1522914C494001ECC40 /* LoginView.swift */; };
		3FA2BA0429397C93004D5381 /* LoadingView.swift in Sources */ = {isa = PBXBuildFile; fileRef = 3FA2BA0329397C93004D5381 /* LoadingView.swift */; };
		3FB9AE7F2938336C001C0234 /* TodoDTO.swift in Sources */ = {isa = PBXBuildFile; fileRef = 3FB9AE7E2938336C001C0234 /* TodoDTO.swift */; };
		3FCA01972913883F007EE807 /* Designable.swift in Sources */ = {isa = PBXBuildFile; fileRef = 3FCA01962913883F007EE807 /* Designable.swift */; };
		3FCEB03E2918C639002E20F3 /* Kingfisher in Frameworks */ = {isa = PBXBuildFile; productRef = 3FCEB03D2918C639002E20F3 /* Kingfisher */; };
		3FCEB0402918C6EA002E20F3 /* PostView.swift in Sources */ = {isa = PBXBuildFile; fileRef = 3FCEB03F2918C6EA002E20F3 /* PostView.swift */; };
		3FCEB0422918C6EF002E20F3 /* ProfileView.swift in Sources */ = {isa = PBXBuildFile; fileRef = 3FCEB0412918C6EF002E20F3 /* ProfileView.swift */; };
		3FCEB0442918C6FA002E20F3 /* PostUploadView.swift in Sources */ = {isa = PBXBuildFile; fileRef = 3FCEB0432918C6FA002E20F3 /* PostUploadView.swift */; };
		3FCEB0462918C785002E20F3 /* Post.swift in Sources */ = {isa = PBXBuildFile; fileRef = 3FCEB0452918C785002E20F3 /* Post.swift */; };
		3FCEB0492918CBDD002E20F3 /* Constants.swift in Sources */ = {isa = PBXBuildFile; fileRef = 3FCEB0482918CBDD002E20F3 /* Constants.swift */; };
		3FCEB04B2918CBE4002E20F3 /* PostRouter.swift in Sources */ = {isa = PBXBuildFile; fileRef = 3FCEB04A2918CBE4002E20F3 /* PostRouter.swift */; };
		3FCEB04D2918CBEB002E20F3 /* Client.swift in Sources */ = {isa = PBXBuildFile; fileRef = 3FCEB04C2918CBEB002E20F3 /* Client.swift */; };
		3FCEB04F2918D67D002E20F3 /* SearchView.swift in Sources */ = {isa = PBXBuildFile; fileRef = 3FCEB04E2918D67D002E20F3 /* SearchView.swift */; };
		3FCEB0512918D686002E20F3 /* NotificationView.swift in Sources */ = {isa = PBXBuildFile; fileRef = 3FCEB0502918D686002E20F3 /* NotificationView.swift */; };
		3FCEB0532918D81C002E20F3 /* PostViewModel.swift in Sources */ = {isa = PBXBuildFile; fileRef = 3FCEB0522918D81C002E20F3 /* PostViewModel.swift */; };
		3FCEB0632918E457002E20F3 /* Monitor.swift in Sources */ = {isa = PBXBuildFile; fileRef = 3FCEB0622918E457002E20F3 /* Monitor.swift */; };
		3FCEB0662918EDF4002E20F3 /* PostCell.swift in Sources */ = {isa = PBXBuildFile; fileRef = 3FCEB0652918EDF4002E20F3 /* PostCell.swift */; };
		3FE20C3F2914C88500386D49 /* RegisterView.swift in Sources */ = {isa = PBXBuildFile; fileRef = 3FE20C3E2914C88500386D49 /* RegisterView.swift */; };
		3FF95421291B4DDC0088286C /* PostService.swift in Sources */ = {isa = PBXBuildFile; fileRef = 3FF95420291B4DDC0088286C /* PostService.swift */; };
		3FF95424291B719B0088286C /* RxCocoa in Frameworks */ = {isa = PBXBuildFile; productRef = 3FF95423291B719B0088286C /* RxCocoa */; };
		3FF95426291B891A0088286C /* PostDetailView.swift in Sources */ = {isa = PBXBuildFile; fileRef = 3FF95425291B891A0088286C /* PostDetailView.swift */; };
		3FFDDB622913A3A2000E677F /* UserViewModel.swift in Sources */ = {isa = PBXBuildFile; fileRef = 3FFDDB612913A3A2000E677F /* UserViewModel.swift */; };
		3FFDDB662913A6AB000E677F /* User.swift in Sources */ = {isa = PBXBuildFile; fileRef = 3FFDDB652913A6AB000E677F /* User.swift */; };
/* End PBXBuildFile section */

/* Begin PBXFileReference section */
		3F00E717291A112F0053E772 /* PostEditView.swift */ = {isa = PBXFileReference; lastKnownFileType = sourcecode.swift; path = PostEditView.swift; sourceTree = "<group>"; };
		3F1525FB291CAAE50083119B /* PostViewProtocol.swift */ = {isa = PBXFileReference; lastKnownFileType = sourcecode.swift; path = PostViewProtocol.swift; sourceTree = "<group>"; };
		3F1525FE291CB2740083119B /* DetailViewProtocol.swift */ = {isa = PBXFileReference; lastKnownFileType = sourcecode.swift; path = DetailViewProtocol.swift; sourceTree = "<group>"; };
		3F152602291DD2800083119B /* PostDTO.swift */ = {isa = PBXFileReference; lastKnownFileType = sourcecode.swift; path = PostDTO.swift; sourceTree = "<group>"; };
		3F152608291E1A3F0083119B /* TodoView.swift */ = {isa = PBXFileReference; lastKnownFileType = sourcecode.swift; path = TodoView.swift; sourceTree = "<group>"; };
		3F15260A291E1A4C0083119B /* TodoViewModel.swift */ = {isa = PBXFileReference; lastKnownFileType = sourcecode.swift; path = TodoViewModel.swift; sourceTree = "<group>"; };
		3F15260F291E1B400083119B /* TodoRouter.swift */ = {isa = PBXFileReference; lastKnownFileType = sourcecode.swift; path = TodoRouter.swift; sourceTree = "<group>"; };
		3F152611291E1CBC0083119B /* TodoService.swift */ = {isa = PBXFileReference; lastKnownFileType = sourcecode.swift; path = TodoService.swift; sourceTree = "<group>"; };
		3F152613291E1D070083119B /* Todo.swift */ = {isa = PBXFileReference; lastKnownFileType = sourcecode.swift; path = Todo.swift; sourceTree = "<group>"; };
		3F2CBF942913738B00C330F1 /* PpakCoder.app */ = {isa = PBXFileReference; explicitFileType = wrapper.application; includeInIndex = 0; path = PpakCoder.app; sourceTree = BUILT_PRODUCTS_DIR; };
		3F2CBF972913738B00C330F1 /* AppDelegate.swift */ = {isa = PBXFileReference; lastKnownFileType = sourcecode.swift; path = AppDelegate.swift; sourceTree = "<group>"; };
		3F2CBF992913738B00C330F1 /* SceneDelegate.swift */ = {isa = PBXFileReference; lastKnownFileType = sourcecode.swift; path = SceneDelegate.swift; sourceTree = "<group>"; };
		3F2CBF9B2913738B00C330F1 /* BoardingView.swift */ = {isa = PBXFileReference; lastKnownFileType = sourcecode.swift; path = BoardingView.swift; sourceTree = "<group>"; };
		3F2CBF9E2913738B00C330F1 /* Base */ = {isa = PBXFileReference; lastKnownFileType = file.storyboard; name = Base; path = Base.lproj/Main.storyboard; sourceTree = "<group>"; };
		3F2CBFA02913738C00C330F1 /* Assets.xcassets */ = {isa = PBXFileReference; lastKnownFileType = folder.assetcatalog; path = Assets.xcassets; sourceTree = "<group>"; };
		3F2CBFA32913738C00C330F1 /* Base */ = {isa = PBXFileReference; lastKnownFileType = file.storyboard; name = Base; path = Base.lproj/LaunchScreen.storyboard; sourceTree = "<group>"; };
		3F2CBFA52913738C00C330F1 /* Info.plist */ = {isa = PBXFileReference; lastKnownFileType = text.plist.xml; path = Info.plist; sourceTree = "<group>"; };
		3F2CBFAB291374F200C330F1 /* NanumGothic.ttf */ = {isa = PBXFileReference; lastKnownFileType = file; name = NanumGothic.ttf; path = "../../../Downloads/나눔 글꼴/나눔고딕/NanumFontSetup_TTF_GOTHIC/NanumGothic.ttf"; sourceTree = "<group>"; };
		3F3B1B422920B0E300D5600E /* PostDetailViewModel.swift */ = {isa = PBXFileReference; lastKnownFileType = sourcecode.swift; path = PostDetailViewModel.swift; sourceTree = "<group>"; };
		3F8A9307291E606C003BD8DF /* TodoCell.swift */ = {isa = PBXFileReference; lastKnownFileType = sourcecode.swift; path = TodoCell.swift; sourceTree = "<group>"; };
		3F9CA1522914C494001ECC40 /* LoginView.swift */ = {isa = PBXFileReference; lastKnownFileType = sourcecode.swift; path = LoginView.swift; sourceTree = "<group>"; };
		3FA2BA0329397C93004D5381 /* LoadingView.swift */ = {isa = PBXFileReference; lastKnownFileType = sourcecode.swift; path = LoadingView.swift; sourceTree = "<group>"; };
		3FB9AE7E2938336C001C0234 /* TodoDTO.swift */ = {isa = PBXFileReference; lastKnownFileType = sourcecode.swift; path = TodoDTO.swift; sourceTree = "<group>"; };
		3FCA01962913883F007EE807 /* Designable.swift */ = {isa = PBXFileReference; lastKnownFileType = sourcecode.swift; path = Designable.swift; sourceTree = "<group>"; };
		3FCEB03F2918C6EA002E20F3 /* PostView.swift */ = {isa = PBXFileReference; lastKnownFileType = sourcecode.swift; path = PostView.swift; sourceTree = "<group>"; };
		3FCEB0412918C6EF002E20F3 /* ProfileView.swift */ = {isa = PBXFileReference; lastKnownFileType = sourcecode.swift; path = ProfileView.swift; sourceTree = "<group>"; };
		3FCEB0432918C6FA002E20F3 /* PostUploadView.swift */ = {isa = PBXFileReference; lastKnownFileType = sourcecode.swift; path = PostUploadView.swift; sourceTree = "<group>"; };
		3FCEB0452918C785002E20F3 /* Post.swift */ = {isa = PBXFileReference; lastKnownFileType = sourcecode.swift; path = Post.swift; sourceTree = "<group>"; };
		3FCEB0482918CBDD002E20F3 /* Constants.swift */ = {isa = PBXFileReference; lastKnownFileType = sourcecode.swift; path = Constants.swift; sourceTree = "<group>"; };
		3FCEB04A2918CBE4002E20F3 /* PostRouter.swift */ = {isa = PBXFileReference; lastKnownFileType = sourcecode.swift; path = PostRouter.swift; sourceTree = "<group>"; };
		3FCEB04C2918CBEB002E20F3 /* Client.swift */ = {isa = PBXFileReference; lastKnownFileType = sourcecode.swift; path = Client.swift; sourceTree = "<group>"; };
		3FCEB04E2918D67D002E20F3 /* SearchView.swift */ = {isa = PBXFileReference; lastKnownFileType = sourcecode.swift; path = SearchView.swift; sourceTree = "<group>"; };
		3FCEB0502918D686002E20F3 /* NotificationView.swift */ = {isa = PBXFileReference; lastKnownFileType = sourcecode.swift; path = NotificationView.swift; sourceTree = "<group>"; };
		3FCEB0522918D81C002E20F3 /* PostViewModel.swift */ = {isa = PBXFileReference; lastKnownFileType = sourcecode.swift; path = PostViewModel.swift; sourceTree = "<group>"; };
		3FCEB0622918E457002E20F3 /* Monitor.swift */ = {isa = PBXFileReference; lastKnownFileType = sourcecode.swift; path = Monitor.swift; sourceTree = "<group>"; };
		3FCEB0652918EDF4002E20F3 /* PostCell.swift */ = {isa = PBXFileReference; lastKnownFileType = sourcecode.swift; path = PostCell.swift; sourceTree = "<group>"; };
		3FE20C3E2914C88500386D49 /* RegisterView.swift */ = {isa = PBXFileReference; lastKnownFileType = sourcecode.swift; path = RegisterView.swift; sourceTree = "<group>"; };
		3FF95420291B4DDC0088286C /* PostService.swift */ = {isa = PBXFileReference; lastKnownFileType = sourcecode.swift; path = PostService.swift; sourceTree = "<group>"; };
		3FF95425291B891A0088286C /* PostDetailView.swift */ = {isa = PBXFileReference; lastKnownFileType = sourcecode.swift; path = PostDetailView.swift; sourceTree = "<group>"; };
		3FFDDB612913A3A2000E677F /* UserViewModel.swift */ = {isa = PBXFileReference; lastKnownFileType = sourcecode.swift; path = UserViewModel.swift; sourceTree = "<group>"; };
		3FFDDB652913A6AB000E677F /* User.swift */ = {isa = PBXFileReference; lastKnownFileType = sourcecode.swift; path = User.swift; sourceTree = "<group>"; };
		7F13F89A4BDD9BFE81A49DB3 /* Pods_PpakCoder.framework */ = {isa = PBXFileReference; explicitFileType = wrapper.framework; includeInIndex = 0; path = Pods_PpakCoder.framework; sourceTree = BUILT_PRODUCTS_DIR; };
		AC6AAB79B0CE13D7827B58EE /* Pods-PpakCoder.debug.xcconfig */ = {isa = PBXFileReference; includeInIndex = 1; lastKnownFileType = text.xcconfig; name = "Pods-PpakCoder.debug.xcconfig"; path = "Target Support Files/Pods-PpakCoder/Pods-PpakCoder.debug.xcconfig"; sourceTree = "<group>"; };
		E936535255C052BDACE3D5BC /* Pods-PpakCoder.release.xcconfig */ = {isa = PBXFileReference; includeInIndex = 1; lastKnownFileType = text.xcconfig; name = "Pods-PpakCoder.release.xcconfig"; path = "Target Support Files/Pods-PpakCoder/Pods-PpakCoder.release.xcconfig"; sourceTree = "<group>"; };
/* End PBXFileReference section */

/* Begin PBXFrameworksBuildPhase section */
		3F2CBF912913738B00C330F1 /* Frameworks */ = {
			isa = PBXFrameworksBuildPhase;
			buildActionMask = 2147483647;
			files = (
				3FCEB03E2918C639002E20F3 /* Kingfisher in Frameworks */,
				1B52347A8F1FFA8A3CF351A9 /* Pods_PpakCoder.framework in Frameworks */,
				3FF95424291B719B0088286C /* RxCocoa in Frameworks */,
			);
			runOnlyForDeploymentPostprocessing = 0;
		};
/* End PBXFrameworksBuildPhase section */

/* Begin PBXGroup section */
		3F00E70D291A0F940053E772 /* Domain */ = {
			isa = PBXGroup;
			children = (
				3FF95420291B4DDC0088286C /* PostService.swift */,
				3F152611291E1CBC0083119B /* TodoService.swift */,
				3F34E1E32913873E004A2647 /* Models */,
			);
			path = Domain;
			sourceTree = "<group>";
		};
		3F1525FA291CA3D80083119B /* Data */ = {
			isa = PBXGroup;
			children = (
				3FCEB0472918CBCF002E20F3 /* Network */,
			);
			name = Data;
			sourceTree = "<group>";
		};
		3F1525FD291CB2630083119B /* ViewProtocol */ = {
			isa = PBXGroup;
			children = (
				3F1525FB291CAAE50083119B /* PostViewProtocol.swift */,
				3F1525FE291CB2740083119B /* DetailViewProtocol.swift */,
			);
			path = ViewProtocol;
			sourceTree = "<group>";
		};
		3F152605291E19D20083119B /* Post */ = {
			isa = PBXGroup;
			children = (
				3FCEB03F2918C6EA002E20F3 /* PostView.swift */,
				3F00E717291A112F0053E772 /* PostEditView.swift */,
				3FCEB0432918C6FA002E20F3 /* PostUploadView.swift */,
				3FF95425291B891A0088286C /* PostDetailView.swift */,
				3FCEB0522918D81C002E20F3 /* PostViewModel.swift */,
				3F3B1B422920B0E300D5600E /* PostDetailViewModel.swift */,
			);
			path = Post;
			sourceTree = "<group>";
		};
		3F152606291E19D70083119B /* Todo */ = {
			isa = PBXGroup;
			children = (
				3F152608291E1A3F0083119B /* TodoView.swift */,
				3F15260A291E1A4C0083119B /* TodoViewModel.swift */,
			);
			path = Todo;
			sourceTree = "<group>";
		};
		3F152607291E19DB0083119B /* Profile */ = {
			isa = PBXGroup;
			children = (
				3FCEB0412918C6EF002E20F3 /* ProfileView.swift */,
			);
			path = Profile;
			sourceTree = "<group>";
		};
		3F15260D291E1AE10083119B /* PostNetwork */ = {
			isa = PBXGroup;
			children = (
				3FCEB04A2918CBE4002E20F3 /* PostRouter.swift */,
				3F152602291DD2800083119B /* PostDTO.swift */,
			);
			path = PostNetwork;
			sourceTree = "<group>";
		};
		3F15260E291E1AE80083119B /* TodoNetwork */ = {
			isa = PBXGroup;
			children = (
				3F15260F291E1B400083119B /* TodoRouter.swift */,
				3FB9AE7E2938336C001C0234 /* TodoDTO.swift */,
			);
			path = TodoNetwork;
			sourceTree = "<group>";
		};
		3F2CBF8B2913738B00C330F1 = {
			isa = PBXGroup;
			children = (
				3F2CBF962913738B00C330F1 /* PpakCoder */,
				3F2CBF952913738B00C330F1 /* Products */,
				CADDACEE67A89C6A775B11AF /* Pods */,
				DC3B022DFC210F67423E8C2A /* Frameworks */,
			);
			sourceTree = "<group>";
		};
		3F2CBF952913738B00C330F1 /* Products */ = {
			isa = PBXGroup;
			children = (
				3F2CBF942913738B00C330F1 /* PpakCoder.app */,
			);
			name = Products;
			sourceTree = "<group>";
		};
		3F2CBF962913738B00C330F1 /* PpakCoder */ = {
			isa = PBXGroup;
			children = (
				3F00E70D291A0F940053E772 /* Domain */,
				3F1525FA291CA3D80083119B /* Data */,
				3F34E1E129138732004A2647 /* Presentation */,
				3F2CBFAB291374F200C330F1 /* NanumGothic.ttf */,
				3F2CBF972913738B00C330F1 /* AppDelegate.swift */,
				3F2CBF992913738B00C330F1 /* SceneDelegate.swift */,
				3F2CBF9D2913738B00C330F1 /* Main.storyboard */,
				3F2CBFA02913738C00C330F1 /* Assets.xcassets */,
				3F2CBFA22913738C00C330F1 /* LaunchScreen.storyboard */,
				3F2CBFA52913738C00C330F1 /* Info.plist */,
				3FCA01962913883F007EE807 /* Designable.swift */,
			);
			path = PpakCoder;
			sourceTree = "<group>";
		};
		3F34E1E129138732004A2647 /* Presentation */ = {
			isa = PBXGroup;
			children = (
				3FF9541D291B24170088286C /* View */,
			);
			path = Presentation;
			sourceTree = "<group>";
		};
		3F34E1E32913873E004A2647 /* Models */ = {
			isa = PBXGroup;
			children = (
				3FFDDB652913A6AB000E677F /* User.swift */,
				3FCEB0452918C785002E20F3 /* Post.swift */,
				3F152613291E1D070083119B /* Todo.swift */,
			);
			path = Models;
			sourceTree = "<group>";
		};
		3FCEB0382918C5FD002E20F3 /* Tabs */ = {
			isa = PBXGroup;
			children = (
				3F152607291E19DB0083119B /* Profile */,
				3F152606291E19D70083119B /* Todo */,
				3F152605291E19D20083119B /* Post */,
				3FCEB0502918D686002E20F3 /* NotificationView.swift */,
				3FCEB04E2918D67D002E20F3 /* SearchView.swift */,
			);
			path = Tabs;
			sourceTree = "<group>";
		};
		3FCEB0392918C609002E20F3 /* Auth */ = {
			isa = PBXGroup;
			children = (
				3FFDDB612913A3A2000E677F /* UserViewModel.swift */,
				3F2CBF9B2913738B00C330F1 /* BoardingView.swift */,
				3F9CA1522914C494001ECC40 /* LoginView.swift */,
				3FE20C3E2914C88500386D49 /* RegisterView.swift */,
			);
			path = Auth;
			sourceTree = "<group>";
		};
		3FCEB0472918CBCF002E20F3 /* Network */ = {
			isa = PBXGroup;
			children = (
				3F15260E291E1AE80083119B /* TodoNetwork */,
				3F15260D291E1AE10083119B /* PostNetwork */,
				3FCEB0622918E457002E20F3 /* Monitor.swift */,
				3FCEB0482918CBDD002E20F3 /* Constants.swift */,
				3FCEB04C2918CBEB002E20F3 /* Client.swift */,
			);
			path = Network;
			sourceTree = "<group>";
		};
		3FCEB0642918EDCF002E20F3 /* Reusable */ = {
			isa = PBXGroup;
			children = (
				3FCEB0652918EDF4002E20F3 /* PostCell.swift */,
				3F8A9307291E606C003BD8DF /* TodoCell.swift */,
				3FA2BA0329397C93004D5381 /* LoadingView.swift */,
			);
			path = Reusable;
			sourceTree = "<group>";
		};
		3FF9541D291B24170088286C /* View */ = {
			isa = PBXGroup;
			children = (
				3FCEB0642918EDCF002E20F3 /* Reusable */,
				3FF9541E291B24250088286C /* PresentView */,
			);
			path = View;
			sourceTree = "<group>";
		};
		3FF9541E291B24250088286C /* PresentView */ = {
			isa = PBXGroup;
			children = (
				3F1525FD291CB2630083119B /* ViewProtocol */,
				3FCEB0392918C609002E20F3 /* Auth */,
				3FCEB0382918C5FD002E20F3 /* Tabs */,
			);
			path = PresentView;
			sourceTree = "<group>";
		};
		CADDACEE67A89C6A775B11AF /* Pods */ = {
			isa = PBXGroup;
			children = (
				AC6AAB79B0CE13D7827B58EE /* Pods-PpakCoder.debug.xcconfig */,
				E936535255C052BDACE3D5BC /* Pods-PpakCoder.release.xcconfig */,
			);
			path = Pods;
			sourceTree = "<group>";
		};
		DC3B022DFC210F67423E8C2A /* Frameworks */ = {
			isa = PBXGroup;
			children = (
				7F13F89A4BDD9BFE81A49DB3 /* Pods_PpakCoder.framework */,
			);
			name = Frameworks;
			sourceTree = "<group>";
		};
/* End PBXGroup section */

/* Begin PBXNativeTarget section */
		3F2CBF932913738B00C330F1 /* PpakCoder */ = {
			isa = PBXNativeTarget;
			buildConfigurationList = 3F2CBFA82913738C00C330F1 /* Build configuration list for PBXNativeTarget "PpakCoder" */;
			buildPhases = (
				6155C8A03DEDD93473173DB8 /* [CP] Check Pods Manifest.lock */,
				3F2CBF902913738B00C330F1 /* Sources */,
				3F2CBF912913738B00C330F1 /* Frameworks */,
				3F2CBF922913738B00C330F1 /* Resources */,
				13522A6315E1DCCFE1991C48 /* [CP] Embed Pods Frameworks */,
			);
			buildRules = (
			);
			dependencies = (
			);
			name = PpakCoder;
			packageProductDependencies = (
				3FCEB03D2918C639002E20F3 /* Kingfisher */,
				3FF95423291B719B0088286C /* RxCocoa */,
			);
			productName = PpakCoder;
			productReference = 3F2CBF942913738B00C330F1 /* PpakCoder.app */;
			productType = "com.apple.product-type.application";
		};
/* End PBXNativeTarget section */

/* Begin PBXProject section */
		3F2CBF8C2913738B00C330F1 /* Project object */ = {
			isa = PBXProject;
			attributes = {
				BuildIndependentTargetsInParallel = 1;
				LastSwiftUpdateCheck = 1410;
				LastUpgradeCheck = 1410;
				TargetAttributes = {
					3F2CBF932913738B00C330F1 = {
						CreatedOnToolsVersion = 14.1;
					};
				};
			};
			buildConfigurationList = 3F2CBF8F2913738B00C330F1 /* Build configuration list for PBXProject "PpakCoder" */;
			compatibilityVersion = "Xcode 14.0";
			developmentRegion = en;
			hasScannedForEncodings = 0;
			knownRegions = (
				en,
				Base,
			);
			mainGroup = 3F2CBF8B2913738B00C330F1;
			packageReferences = (
				3FCEB03C2918C639002E20F3 /* XCRemoteSwiftPackageReference "Kingfisher" */,
				3FF95422291B719B0088286C /* XCRemoteSwiftPackageReference "RxSwift" */,
			);
			productRefGroup = 3F2CBF952913738B00C330F1 /* Products */;
			projectDirPath = "";
			projectRoot = "";
			targets = (
				3F2CBF932913738B00C330F1 /* PpakCoder */,
			);
		};
/* End PBXProject section */

/* Begin PBXResourcesBuildPhase section */
		3F2CBF922913738B00C330F1 /* Resources */ = {
			isa = PBXResourcesBuildPhase;
			buildActionMask = 2147483647;
			files = (
				3F2CBFA42913738C00C330F1 /* LaunchScreen.storyboard in Resources */,
				3F2CBFA12913738C00C330F1 /* Assets.xcassets in Resources */,
				3F2CBF9F2913738B00C330F1 /* Main.storyboard in Resources */,
			);
			runOnlyForDeploymentPostprocessing = 0;
		};
/* End PBXResourcesBuildPhase section */

/* Begin PBXShellScriptBuildPhase section */
		13522A6315E1DCCFE1991C48 /* [CP] Embed Pods Frameworks */ = {
			isa = PBXShellScriptBuildPhase;
			buildActionMask = 2147483647;
			files = (
			);
			inputFileListPaths = (
				"${PODS_ROOT}/Target Support Files/Pods-PpakCoder/Pods-PpakCoder-frameworks-${CONFIGURATION}-input-files.xcfilelist",
			);
			name = "[CP] Embed Pods Frameworks";
			outputFileListPaths = (
				"${PODS_ROOT}/Target Support Files/Pods-PpakCoder/Pods-PpakCoder-frameworks-${CONFIGURATION}-output-files.xcfilelist",
			);
			runOnlyForDeploymentPostprocessing = 0;
			shellPath = /bin/sh;
			shellScript = "\"${PODS_ROOT}/Target Support Files/Pods-PpakCoder/Pods-PpakCoder-frameworks.sh\"\n";
			showEnvVarsInLog = 0;
		};
		6155C8A03DEDD93473173DB8 /* [CP] Check Pods Manifest.lock */ = {
			isa = PBXShellScriptBuildPhase;
			buildActionMask = 2147483647;
			files = (
			);
			inputFileListPaths = (
			);
			inputPaths = (
				"${PODS_PODFILE_DIR_PATH}/Podfile.lock",
				"${PODS_ROOT}/Manifest.lock",
			);
			name = "[CP] Check Pods Manifest.lock";
			outputFileListPaths = (
			);
			outputPaths = (
				"$(DERIVED_FILE_DIR)/Pods-PpakCoder-checkManifestLockResult.txt",
			);
			runOnlyForDeploymentPostprocessing = 0;
			shellPath = /bin/sh;
			shellScript = "diff \"${PODS_PODFILE_DIR_PATH}/Podfile.lock\" \"${PODS_ROOT}/Manifest.lock\" > /dev/null\nif [ $? != 0 ] ; then\n    # print error to STDERR\n    echo \"error: The sandbox is not in sync with the Podfile.lock. Run 'pod install' or update your CocoaPods installation.\" >&2\n    exit 1\nfi\n# This output is used by Xcode 'outputs' to avoid re-running this script phase.\necho \"SUCCESS\" > \"${SCRIPT_OUTPUT_FILE_0}\"\n";
			showEnvVarsInLog = 0;
		};
/* End PBXShellScriptBuildPhase section */

/* Begin PBXSourcesBuildPhase section */
		3F2CBF902913738B00C330F1 /* Sources */ = {
			isa = PBXSourcesBuildPhase;
			buildActionMask = 2147483647;
			files = (
				3FE20C3F2914C88500386D49 /* RegisterView.swift in Sources */,
				3FF95421291B4DDC0088286C /* PostService.swift in Sources */,
				3F152609291E1A3F0083119B /* TodoView.swift in Sources */,
				3FCEB0422918C6EF002E20F3 /* ProfileView.swift in Sources */,
				3FF95426291B891A0088286C /* PostDetailView.swift in Sources */,
				3F2CBF9C2913738B00C330F1 /* BoardingView.swift in Sources */,
				3F152610291E1B400083119B /* TodoRouter.swift in Sources */,
				3F8A9308291E606C003BD8DF /* TodoCell.swift in Sources */,
				3FCA01972913883F007EE807 /* Designable.swift in Sources */,
				3F2CBF982913738B00C330F1 /* AppDelegate.swift in Sources */,
				3FB9AE7F2938336C001C0234 /* TodoDTO.swift in Sources */,
				3FCEB04F2918D67D002E20F3 /* SearchView.swift in Sources */,
				3FCEB0492918CBDD002E20F3 /* Constants.swift in Sources */,
				3FCEB04D2918CBEB002E20F3 /* Client.swift in Sources */,
				3FFDDB622913A3A2000E677F /* UserViewModel.swift in Sources */,
				3F2CBF9A2913738B00C330F1 /* SceneDelegate.swift in Sources */,
				3FA2BA0429397C93004D5381 /* LoadingView.swift in Sources */,
				3FCEB04B2918CBE4002E20F3 /* PostRouter.swift in Sources */,
				3F3B1B432920B0E300D5600E /* PostDetailViewModel.swift in Sources */,
				3F15260B291E1A4C0083119B /* TodoViewModel.swift in Sources */,
				3F152603291DD2800083119B /* PostDTO.swift in Sources */,
				3FCEB0462918C785002E20F3 /* Post.swift in Sources */,
				3FCEB0442918C6FA002E20F3 /* PostUploadView.swift in Sources */,
				3F1525FC291CAAE50083119B /* PostViewProtocol.swift in Sources */,
				3F1525FF291CB2740083119B /* DetailViewProtocol.swift in Sources */,
				3FCEB0662918EDF4002E20F3 /* PostCell.swift in Sources */,
				3F152612291E1CBC0083119B /* TodoService.swift in Sources */,
				3F9CA1532914C494001ECC40 /* LoginView.swift in Sources */,
				3FCEB0402918C6EA002E20F3 /* PostView.swift in Sources */,
				3FCEB0632918E457002E20F3 /* Monitor.swift in Sources */,
				3F152614291E1D070083119B /* Todo.swift in Sources */,
				3FFDDB662913A6AB000E677F /* User.swift in Sources */,
				3FCEB0512918D686002E20F3 /* NotificationView.swift in Sources */,
				3F00E718291A112F0053E772 /* PostEditView.swift in Sources */,
				3FCEB0532918D81C002E20F3 /* PostViewModel.swift in Sources */,
			);
			runOnlyForDeploymentPostprocessing = 0;
		};
/* End PBXSourcesBuildPhase section */

/* Begin PBXVariantGroup section */
		3F2CBF9D2913738B00C330F1 /* Main.storyboard */ = {
			isa = PBXVariantGroup;
			children = (
				3F2CBF9E2913738B00C330F1 /* Base */,
			);
			name = Main.storyboard;
			sourceTree = "<group>";
		};
		3F2CBFA22913738C00C330F1 /* LaunchScreen.storyboard */ = {
			isa = PBXVariantGroup;
			children = (
				3F2CBFA32913738C00C330F1 /* Base */,
			);
			name = LaunchScreen.storyboard;
			sourceTree = "<group>";
		};
/* End PBXVariantGroup section */

/* Begin XCBuildConfiguration section */
		3F2CBFA62913738C00C330F1 /* Debug */ = {
			isa = XCBuildConfiguration;
			buildSettings = {
				ALWAYS_SEARCH_USER_PATHS = NO;
				CLANG_ANALYZER_NONNULL = YES;
				CLANG_ANALYZER_NUMBER_OBJECT_CONVERSION = YES_AGGRESSIVE;
				CLANG_CXX_LANGUAGE_STANDARD = "gnu++20";
				CLANG_ENABLE_MODULES = YES;
				CLANG_ENABLE_OBJC_ARC = YES;
				CLANG_ENABLE_OBJC_WEAK = YES;
				CLANG_WARN_BLOCK_CAPTURE_AUTORELEASING = YES;
				CLANG_WARN_BOOL_CONVERSION = YES;
				CLANG_WARN_COMMA = YES;
				CLANG_WARN_CONSTANT_CONVERSION = YES;
				CLANG_WARN_DEPRECATED_OBJC_IMPLEMENTATIONS = YES;
				CLANG_WARN_DIRECT_OBJC_ISA_USAGE = YES_ERROR;
				CLANG_WARN_DOCUMENTATION_COMMENTS = YES;
				CLANG_WARN_EMPTY_BODY = YES;
				CLANG_WARN_ENUM_CONVERSION = YES;
				CLANG_WARN_INFINITE_RECURSION = YES;
				CLANG_WARN_INT_CONVERSION = YES;
				CLANG_WARN_NON_LITERAL_NULL_CONVERSION = YES;
				CLANG_WARN_OBJC_IMPLICIT_RETAIN_SELF = YES;
				CLANG_WARN_OBJC_LITERAL_CONVERSION = YES;
				CLANG_WARN_OBJC_ROOT_CLASS = YES_ERROR;
				CLANG_WARN_QUOTED_INCLUDE_IN_FRAMEWORK_HEADER = YES;
				CLANG_WARN_RANGE_LOOP_ANALYSIS = YES;
				CLANG_WARN_STRICT_PROTOTYPES = YES;
				CLANG_WARN_SUSPICIOUS_MOVE = YES;
				CLANG_WARN_UNGUARDED_AVAILABILITY = YES_AGGRESSIVE;
				CLANG_WARN_UNREACHABLE_CODE = YES;
				CLANG_WARN__DUPLICATE_METHOD_MATCH = YES;
				COPY_PHASE_STRIP = NO;
				DEBUG_INFORMATION_FORMAT = dwarf;
				ENABLE_STRICT_OBJC_MSGSEND = YES;
				ENABLE_TESTABILITY = YES;
				GCC_C_LANGUAGE_STANDARD = gnu11;
				GCC_DYNAMIC_NO_PIC = NO;
				GCC_NO_COMMON_BLOCKS = YES;
				GCC_OPTIMIZATION_LEVEL = 0;
				GCC_PREPROCESSOR_DEFINITIONS = (
					"DEBUG=1",
					"$(inherited)",
				);
				GCC_WARN_64_TO_32_BIT_CONVERSION = YES;
				GCC_WARN_ABOUT_RETURN_TYPE = YES_ERROR;
				GCC_WARN_UNDECLARED_SELECTOR = YES;
				GCC_WARN_UNINITIALIZED_AUTOS = YES_AGGRESSIVE;
				GCC_WARN_UNUSED_FUNCTION = YES;
				GCC_WARN_UNUSED_VARIABLE = YES;
				IPHONEOS_DEPLOYMENT_TARGET = 16.1;
				MTL_ENABLE_DEBUG_INFO = INCLUDE_SOURCE;
				MTL_FAST_MATH = YES;
				ONLY_ACTIVE_ARCH = YES;
				SDKROOT = iphoneos;
				SWIFT_ACTIVE_COMPILATION_CONDITIONS = DEBUG;
				SWIFT_OPTIMIZATION_LEVEL = "-Onone";
			};
			name = Debug;
		};
		3F2CBFA72913738C00C330F1 /* Release */ = {
			isa = XCBuildConfiguration;
			buildSettings = {
				ALWAYS_SEARCH_USER_PATHS = NO;
				CLANG_ANALYZER_NONNULL = YES;
				CLANG_ANALYZER_NUMBER_OBJECT_CONVERSION = YES_AGGRESSIVE;
				CLANG_CXX_LANGUAGE_STANDARD = "gnu++20";
				CLANG_ENABLE_MODULES = YES;
				CLANG_ENABLE_OBJC_ARC = YES;
				CLANG_ENABLE_OBJC_WEAK = YES;
				CLANG_WARN_BLOCK_CAPTURE_AUTORELEASING = YES;
				CLANG_WARN_BOOL_CONVERSION = YES;
				CLANG_WARN_COMMA = YES;
				CLANG_WARN_CONSTANT_CONVERSION = YES;
				CLANG_WARN_DEPRECATED_OBJC_IMPLEMENTATIONS = YES;
				CLANG_WARN_DIRECT_OBJC_ISA_USAGE = YES_ERROR;
				CLANG_WARN_DOCUMENTATION_COMMENTS = YES;
				CLANG_WARN_EMPTY_BODY = YES;
				CLANG_WARN_ENUM_CONVERSION = YES;
				CLANG_WARN_INFINITE_RECURSION = YES;
				CLANG_WARN_INT_CONVERSION = YES;
				CLANG_WARN_NON_LITERAL_NULL_CONVERSION = YES;
				CLANG_WARN_OBJC_IMPLICIT_RETAIN_SELF = YES;
				CLANG_WARN_OBJC_LITERAL_CONVERSION = YES;
				CLANG_WARN_OBJC_ROOT_CLASS = YES_ERROR;
				CLANG_WARN_QUOTED_INCLUDE_IN_FRAMEWORK_HEADER = YES;
				CLANG_WARN_RANGE_LOOP_ANALYSIS = YES;
				CLANG_WARN_STRICT_PROTOTYPES = YES;
				CLANG_WARN_SUSPICIOUS_MOVE = YES;
				CLANG_WARN_UNGUARDED_AVAILABILITY = YES_AGGRESSIVE;
				CLANG_WARN_UNREACHABLE_CODE = YES;
				CLANG_WARN__DUPLICATE_METHOD_MATCH = YES;
				COPY_PHASE_STRIP = NO;
				DEBUG_INFORMATION_FORMAT = "dwarf-with-dsym";
				ENABLE_NS_ASSERTIONS = NO;
				ENABLE_STRICT_OBJC_MSGSEND = YES;
				GCC_C_LANGUAGE_STANDARD = gnu11;
				GCC_NO_COMMON_BLOCKS = YES;
				GCC_WARN_64_TO_32_BIT_CONVERSION = YES;
				GCC_WARN_ABOUT_RETURN_TYPE = YES_ERROR;
				GCC_WARN_UNDECLARED_SELECTOR = YES;
				GCC_WARN_UNINITIALIZED_AUTOS = YES_AGGRESSIVE;
				GCC_WARN_UNUSED_FUNCTION = YES;
				GCC_WARN_UNUSED_VARIABLE = YES;
				IPHONEOS_DEPLOYMENT_TARGET = 16.1;
				MTL_ENABLE_DEBUG_INFO = NO;
				MTL_FAST_MATH = YES;
				SDKROOT = iphoneos;
				SWIFT_COMPILATION_MODE = wholemodule;
				SWIFT_OPTIMIZATION_LEVEL = "-O";
				VALIDATE_PRODUCT = YES;
			};
			name = Release;
		};
		3F2CBFA92913738C00C330F1 /* Debug */ = {
			isa = XCBuildConfiguration;
			baseConfigurationReference = AC6AAB79B0CE13D7827B58EE /* Pods-PpakCoder.debug.xcconfig */;
			buildSettings = {
				ASSETCATALOG_COMPILER_APPICON_NAME = AppIcon;
				ASSETCATALOG_COMPILER_GLOBAL_ACCENT_COLOR_NAME = AccentColor;
				CODE_SIGN_STYLE = Automatic;
				CURRENT_PROJECT_VERSION = 1;
				DEVELOPMENT_TEAM = 6P9DVHVRR7;
				GENERATE_INFOPLIST_FILE = YES;
				INFOPLIST_FILE = PpakCoder/Info.plist;
				INFOPLIST_KEY_UIApplicationSupportsIndirectInputEvents = YES;
				INFOPLIST_KEY_UILaunchStoryboardName = LaunchScreen;
				INFOPLIST_KEY_UIMainStoryboardFile = Main;
				INFOPLIST_KEY_UISupportedInterfaceOrientations_iPad = "UIInterfaceOrientationPortrait UIInterfaceOrientationPortraitUpsideDown UIInterfaceOrientationLandscapeLeft UIInterfaceOrientationLandscapeRight";
				INFOPLIST_KEY_UISupportedInterfaceOrientations_iPhone = "UIInterfaceOrientationPortrait UIInterfaceOrientationLandscapeLeft UIInterfaceOrientationLandscapeRight";
				IPHONEOS_DEPLOYMENT_TARGET = 15.2;
				LD_RUNPATH_SEARCH_PATHS = (
					"$(inherited)",
					"@executable_path/Frameworks",
				);
				MARKETING_VERSION = 1.0;
				PRODUCT_BUNDLE_IDENTIFIER = com.my0366.PpakCoder;
				PRODUCT_NAME = "$(TARGET_NAME)";
				SWIFT_EMIT_LOC_STRINGS = YES;
				SWIFT_VERSION = 5.0;
				TARGETED_DEVICE_FAMILY = "1,2";
			};
			name = Debug;
		};
		3F2CBFAA2913738C00C330F1 /* Release */ = {
			isa = XCBuildConfiguration;
			baseConfigurationReference = E936535255C052BDACE3D5BC /* Pods-PpakCoder.release.xcconfig */;
			buildSettings = {
				ASSETCATALOG_COMPILER_APPICON_NAME = AppIcon;
				ASSETCATALOG_COMPILER_GLOBAL_ACCENT_COLOR_NAME = AccentColor;
				CODE_SIGN_STYLE = Automatic;
				CURRENT_PROJECT_VERSION = 1;
				DEVELOPMENT_TEAM = 6P9DVHVRR7;
				GENERATE_INFOPLIST_FILE = YES;
				INFOPLIST_FILE = PpakCoder/Info.plist;
				INFOPLIST_KEY_UIApplicationSupportsIndirectInputEvents = YES;
				INFOPLIST_KEY_UILaunchStoryboardName = LaunchScreen;
				INFOPLIST_KEY_UIMainStoryboardFile = Main;
				INFOPLIST_KEY_UISupportedInterfaceOrientations_iPad = "UIInterfaceOrientationPortrait UIInterfaceOrientationPortraitUpsideDown UIInterfaceOrientationLandscapeLeft UIInterfaceOrientationLandscapeRight";
				INFOPLIST_KEY_UISupportedInterfaceOrientations_iPhone = "UIInterfaceOrientationPortrait UIInterfaceOrientationLandscapeLeft UIInterfaceOrientationLandscapeRight";
				IPHONEOS_DEPLOYMENT_TARGET = 15.2;
				LD_RUNPATH_SEARCH_PATHS = (
					"$(inherited)",
					"@executable_path/Frameworks",
				);
				MARKETING_VERSION = 1.0;
				PRODUCT_BUNDLE_IDENTIFIER = com.my0366.PpakCoder;
				PRODUCT_NAME = "$(TARGET_NAME)";
				SWIFT_EMIT_LOC_STRINGS = YES;
				SWIFT_VERSION = 5.0;
				TARGETED_DEVICE_FAMILY = "1,2";
			};
			name = Release;
		};
/* End XCBuildConfiguration section */

/* Begin XCConfigurationList section */
		3F2CBF8F2913738B00C330F1 /* Build configuration list for PBXProject "PpakCoder" */ = {
			isa = XCConfigurationList;
			buildConfigurations = (
				3F2CBFA62913738C00C330F1 /* Debug */,
				3F2CBFA72913738C00C330F1 /* Release */,
			);
			defaultConfigurationIsVisible = 0;
			defaultConfigurationName = Release;
		};
		3F2CBFA82913738C00C330F1 /* Build configuration list for PBXNativeTarget "PpakCoder" */ = {
			isa = XCConfigurationList;
			buildConfigurations = (
				3F2CBFA92913738C00C330F1 /* Debug */,
				3F2CBFAA2913738C00C330F1 /* Release */,
			);
			defaultConfigurationIsVisible = 0;
			defaultConfigurationName = Release;
		};
/* End XCConfigurationList section */

/* Begin XCRemoteSwiftPackageReference section */
		3FCEB03C2918C639002E20F3 /* XCRemoteSwiftPackageReference "Kingfisher" */ = {
			isa = XCRemoteSwiftPackageReference;
			repositoryURL = "https://github.com/onevcat/Kingfisher.git";
			requirement = {
				kind = upToNextMajorVersion;
				minimumVersion = 7.0.0;
			};
		};
		3FF95422291B719B0088286C /* XCRemoteSwiftPackageReference "RxSwift" */ = {
			isa = XCRemoteSwiftPackageReference;
			repositoryURL = "https://github.com/ReactiveX/RxSwift.git";
			requirement = {
				branch = main;
				kind = branch;
			};
		};
/* End XCRemoteSwiftPackageReference section */

/* Begin XCSwiftPackageProductDependency section */
		3FCEB03D2918C639002E20F3 /* Kingfisher */ = {
			isa = XCSwiftPackageProductDependency;
			package = 3FCEB03C2918C639002E20F3 /* XCRemoteSwiftPackageReference "Kingfisher" */;
			productName = Kingfisher;
		};
		3FF95423291B719B0088286C /* RxCocoa */ = {
			isa = XCSwiftPackageProductDependency;
			package = 3FF95422291B719B0088286C /* XCRemoteSwiftPackageReference "RxSwift" */;
			productName = RxCocoa;
		};
/* End XCSwiftPackageProductDependency section */
	};
	rootObject = 3F2CBF8C2913738B00C330F1 /* Project object */;
}
